Microsoft Visual Studio Solution File, Format Version 12.00
# Visual Studio 2012
Project("{F184B08F-C81C-45F6-A57F-5ABD9991F28F}") = "WpfApplication38", "WpfApplication38.vbproj", "{1292C71E-5D3A-4EA0-B170-A8320B7DFA45}"
EndProject
Global
	GlobalSection(SolutionConfigurationPlatforms) = preSolution
		Debug|Any CPU = Debug|Any CPU
		Release|Any CPU = Release|Any CPU
	EndGlobalSection
	GlobalSection(ProjectConfigurationPlatforms) = postSolution
		{1292C71E-5D3A-4EA0-B170-A8320B7DFA45}.Debug|Any CPU.ActiveCfg = Debug|Any CPU
		{1292C71E-5D3A-4EA0-B170-A8320B7DFA45}.Debug|Any CPU.Build.0 = Debug|Any CPU
		{1292C71E-5D3A-4EA0-B170-A8320B7DFA45}.Release|Any CPU.ActiveCfg = Release|Any CPU
		{1292C71E-5D3A-4EA0-B170-A8320B7DFA45}.Release|Any CPU.Build.0 = Release|Any CPU
	EndGlobalSection
	GlobalSection(SolutionProperties) = preSolution
		HideSolutionNode = FALSE
	EndGlobalSection
EndGlobal
